
Microsoft Visual Studio Solution File, Format Version 12.00
# Visual Studio Version 17
VisualStudioVersion = 17.12.35514.174
MinimumVisualStudioVersion = 10.0.40219.1
Project("{FAE04EC0-301F-11D3-BF4B-00C04F79EFBC}") = "Day1", "Day1\Day1.csproj", "{C126C92B-0A16-455C-B843-AE6181C8AEF7}"
EndProject
Project("{FAE04EC0-301F-11D3-BF4B-00C04F79EFBC}") = "Day2", "Day2\Day2.csproj", "{FBEC6E0F-E0C8-4C1C-AA0C-723C2CADAA11}"
EndProject
Project("{FAE04EC0-301F-11D3-BF4B-00C04F79EFBC}") = "Day3", "Day3\Day3.csproj", "{2181223A-A59D-4944-91AB-DDAFF68A5049}"
EndProject
Project("{FAE04EC0-301F-11D3-BF4B-00C04F79EFBC}") = "Day4", "Day4\Day4.csproj", "{7AA0B68A-3D5F-4493-B941-543776B67298}"
EndProject
Project("{FAE04EC0-301F-11D3-BF4B-00C04F79EFBC}") = "Day5", "Day5\Day5.csproj", "{A2ED075E-3AA2-49D1-9BDC-4D9D2BD5FE2C}"
EndProject
Project("{FAE04EC0-301F-11D3-BF4B-00C04F79EFBC}") = "Day6", "Day6\Day6.csproj", "{3AEF65D2-6012-405B-8111-1D0BF1327516}"
EndProject
Project("{FAE04EC0-301F-11D3-BF4B-00C04F79EFBC}") = "Day7", "Day7\Day7.csproj", "{F960AB2E-AE5D-4826-9AFB-34C45311D974}"
EndProject
Project("{FAE04EC0-301F-11D3-BF4B-00C04F79EFBC}") = "Day8", "Day8\Day8.csproj", "{A93D06E3-3644-428A-B410-CCB6FAD49296}"
EndProject
Global
	GlobalSection(SolutionConfigurationPlatforms) = preSolution
		Debug|Any CPU = Debug|Any CPU
		Release|Any CPU = Release|Any CPU
	EndGlobalSection
	GlobalSection(ProjectConfigurationPlatforms) = postSolution
		{C126C92B-0A16-455C-B843-AE6181C8AEF7}.Debug|Any CPU.ActiveCfg = Debug|Any CPU
		{C126C92B-0A16-455C-B843-AE6181C8AEF7}.Debug|Any CPU.Build.0 = Debug|Any CPU
		{C126C92B-0A16-455C-B843-AE6181C8AEF7}.Release|Any CPU.ActiveCfg = Release|Any CPU
		{C126C92B-0A16-455C-B843-AE6181C8AEF7}.Release|Any CPU.Build.0 = Release|Any CPU
		{FBEC6E0F-E0C8-4C1C-AA0C-723C2CADAA11}.Debug|Any CPU.ActiveCfg = Debug|Any CPU
		{FBEC6E0F-E0C8-4C1C-AA0C-723C2CADAA11}.Debug|Any CPU.Build.0 = Debug|Any CPU
		{FBEC6E0F-E0C8-4C1C-AA0C-723C2CADAA11}.Release|Any CPU.ActiveCfg = Release|Any CPU
		{FBEC6E0F-E0C8-4C1C-AA0C-723C2CADAA11}.Release|Any CPU.Build.0 = Release|Any CPU
		{2181223A-A59D-4944-91AB-DDAFF68A5049}.Debug|Any CPU.ActiveCfg = Debug|Any CPU
		{2181223A-A59D-4944-91AB-DDAFF68A5049}.Debug|Any CPU.Build.0 = Debug|Any CPU
		{2181223A-A59D-4944-91AB-DDAFF68A5049}.Release|Any CPU.ActiveCfg = Release|Any CPU
		{2181223A-A59D-4944-91AB-DDAFF68A5049}.Release|Any CPU.Build.0 = Release|Any CPU
		{7AA0B68A-3D5F-4493-B941-543776B67298}.Debug|Any CPU.ActiveCfg = Debug|Any CPU
		{7AA0B68A-3D5F-4493-B941-543776B67298}.Debug|Any CPU.Build.0 = Debug|Any CPU
		{7AA0B68A-3D5F-4493-B941-543776B67298}.Release|Any CPU.ActiveCfg = Release|Any CPU
		{7AA0B68A-3D5F-4493-B941-543776B67298}.Release|Any CPU.Build.0 = Release|Any CPU
		{A2ED075E-3AA2-49D1-9BDC-4D9D2BD5FE2C}.Debug|Any CPU.ActiveCfg = Debug|Any CPU
		{A2ED075E-3AA2-49D1-9BDC-4D9D2BD5FE2C}.Debug|Any CPU.Build.0 = Debug|Any CPU
		{A2ED075E-3AA2-49D1-9BDC-4D9D2BD5FE2C}.Release|Any CPU.ActiveCfg = Release|Any CPU
		{A2ED075E-3AA2-49D1-9BDC-4D9D2BD5FE2C}.Release|Any CPU.Build.0 = Release|Any CPU
		{3AEF65D2-6012-405B-8111-1D0BF1327516}.Debug|Any CPU.ActiveCfg = Debug|Any CPU
		{3AEF65D2-6012-405B-8111-1D0BF1327516}.Debug|Any CPU.Build.0 = Debug|Any CPU
		{3AEF65D2-6012-405B-8111-1D0BF1327516}.Release|Any CPU.ActiveCfg = Release|Any CPU
		{3AEF65D2-6012-405B-8111-1D0BF1327516}.Release|Any CPU.Build.0 = Release|Any CPU
		{F960AB2E-AE5D-4826-9AFB-34C45311D974}.Debug|Any CPU.ActiveCfg = Debug|Any CPU
		{F960AB2E-AE5D-4826-9AFB-34C45311D974}.Debug|Any CPU.Build.0 = Debug|Any CPU
		{F960AB2E-AE5D-4826-9AFB-34C45311D974}.Release|Any CPU.ActiveCfg = Release|Any CPU
		{F960AB2E-AE5D-4826-9AFB-34C45311D974}.Release|Any CPU.Build.0 = Release|Any CPU
		{A93D06E3-3644-428A-B410-CCB6FAD49296}.Debug|Any CPU.ActiveCfg = Debug|Any CPU
		{A93D06E3-3644-428A-B410-CCB6FAD49296}.Debug|Any CPU.Build.0 = Debug|Any CPU
		{A93D06E3-3644-428A-B410-CCB6FAD49296}.Release|Any CPU.ActiveCfg = Release|Any CPU
		{A93D06E3-3644-428A-B410-CCB6FAD49296}.Release|Any CPU.Build.0 = Release|Any CPU
	EndGlobalSection
	GlobalSection(SolutionProperties) = preSolution
		HideSolutionNode = FALSE
	EndGlobalSection
EndGlobal
